# THIS IS AN AUTOGENERATED FILE. DO NOT EDIT THIS FILE DIRECTLY.
# yarn lockfile v1


athom-api@^3.6.7:
  version "3.6.7"
  resolved "https://registry.yarnpkg.com/athom-api/-/athom-api-3.6.7.tgz#782bb9f8aeadfd4539fcf39d49fc9873fd8c184c"
  integrity sha512-7+krjAxL5fBnUDnaoAvUutA2zZbJ86pkoFgfPjwyxyrKfJRn0wDb68V6/YBMEMPFE8Sq6Vbju9I2exCzHxzWOQ==

tinycolor2@^1.4.2:
  version "1.4.2"
  resolved "https://registry.yarnpkg.com/tinycolor2/-/tinycolor2-1.4.2.tgz#3f6a4d1071ad07676d7fa472e1fac40a719d8803"
  integrity sha512-vJhccZPs965sV/L2sU4oRQVAos0pQXwsvTLkWYdqJ+a8Q5kPFzJTuOFwy7UniPli44NKQGAglksjvOcpo95aZA==
