# THIS IS AN AUTOGENERATED FILE. DO NOT EDIT THIS FILE DIRECTLY.
# yarn lockfile v1


"athom-api@^3.6.7":
  "integrity" "sha512-7+krjAxL5fBnUDnaoAvUutA2zZbJ86pkoFgfPjwyxyrKfJRn0wDb68V6/YBMEMPFE8Sq6Vbju9I2exCzHxzWOQ=="
  "resolved" "https://registry.npmjs.org/athom-api/-/athom-api-3.6.7.tgz"
  "version" "3.6.7"

"tinycolor2@^1.4.2":
  "integrity" "sha512-vJhccZPs965sV/L2sU4oRQVAos0pQXwsvTLkWYdqJ+a8Q5kPFzJTuOFwy7UniPli44NKQGAglksjvOcpo95aZA=="
  "resolved" "https://registry.npmjs.org/tinycolor2/-/tinycolor2-1.4.2.tgz"
  "version" "1.4.2"
